// !$*UTF8*$!
{
	archiveVersion = 1;
	classes = {
	};
	objectVersion = 56;
	objects = {

/* Begin PBXBuildFile section */
		237B85DF2970471A001E4639 /* AppDelegate.swift in Sources */ = {isa = PBXBuildFile; fileRef = 237B85DE2970471A001E4639 /* AppDelegate.swift */; };
		237B85E12970471A001E4639 /* SceneDelegate.swift in Sources */ = {isa = PBXBuildFile; fileRef = 237B85E02970471A001E4639 /* SceneDelegate.swift */; };
		237B85E62970471A001E4639 /* Main.storyboard in Resources */ = {isa = PBXBuildFile; fileRef = 237B85E42970471A001E4639 /* Main.storyboard */; };
		237B85E82970471B001E4639 /* Assets.xcassets in Resources */ = {isa = PBXBuildFile; fileRef = 237B85E72970471B001E4639 /* Assets.xcassets */; };
		237B85EB2970471B001E4639 /* LaunchScreen.storyboard in Resources */ = {isa = PBXBuildFile; fileRef = 237B85E92970471B001E4639 /* LaunchScreen.storyboard */; };
		237B85F62970492B001E4639 /* PaymentModel.swift in Sources */ = {isa = PBXBuildFile; fileRef = 237B85F52970492B001E4639 /* PaymentModel.swift */; };
		237B85F829704941001E4639 /* IncomeModel.swift in Sources */ = {isa = PBXBuildFile; fileRef = 237B85F729704941001E4639 /* IncomeModel.swift */; };
		237B85FA29704956001E4639 /* DiaryModel.swift in Sources */ = {isa = PBXBuildFile; fileRef = 237B85F929704956001E4639 /* DiaryModel.swift */; };
		237B85FF29704A49001E4639 /* TabBarController.swift in Sources */ = {isa = PBXBuildFile; fileRef = 237B85FE29704A49001E4639 /* TabBarController.swift */; };
		237B860129704A59001E4639 /* InputViewController.swift in Sources */ = {isa = PBXBuildFile; fileRef = 237B860029704A59001E4639 /* InputViewController.swift */; };
		237B860329704A68001E4639 /* CalendarViewController.swift in Sources */ = {isa = PBXBuildFile; fileRef = 237B860229704A68001E4639 /* CalendarViewController.swift */; };
		237B860529704A7E001E4639 /* HouseholdAccountBookViewController.swift in Sources */ = {isa = PBXBuildFile; fileRef = 237B860429704A7E001E4639 /* HouseholdAccountBookViewController.swift */; };
		237B860729704A8D001E4639 /* DiaryViewController.swift in Sources */ = {isa = PBXBuildFile; fileRef = 237B860629704A8D001E4639 /* DiaryViewController.swift */; };
		237B860929704A96001E4639 /* SettingViewController.swift in Sources */ = {isa = PBXBuildFile; fileRef = 237B860829704A96001E4639 /* SettingViewController.swift */; };
		239137F52970FF5500BF09F8 /* DiaryTableViewCell.swift in Sources */ = {isa = PBXBuildFile; fileRef = 239137F32970FF5500BF09F8 /* DiaryTableViewCell.swift */; };
		239137F62970FF5500BF09F8 /* DiaryTableViewCell.xib in Resources */ = {isa = PBXBuildFile; fileRef = 239137F42970FF5500BF09F8 /* DiaryTableViewCell.xib */; };
		D17BA5BDC5939C115581FFA5 /* Pods_DHAB.framework in Frameworks */ = {isa = PBXBuildFile; fileRef = C8D4546030A0C2986A8CB944 /* Pods_DHAB.framework */; };
/* End PBXBuildFile section */

/* Begin PBXFileReference section */
		237B85DB2970471A001E4639 /* DHAB.app */ = {isa = PBXFileReference; explicitFileType = wrapper.application; includeInIndex = 0; path = DHAB.app; sourceTree = BUILT_PRODUCTS_DIR; };
		237B85DE2970471A001E4639 /* AppDelegate.swift */ = {isa = PBXFileReference; lastKnownFileType = sourcecode.swift; path = AppDelegate.swift; sourceTree = "<group>"; };
		237B85E02970471A001E4639 /* SceneDelegate.swift */ = {isa = PBXFileReference; lastKnownFileType = sourcecode.swift; path = SceneDelegate.swift; sourceTree = "<group>"; };
		237B85E52970471A001E4639 /* Base */ = {isa = PBXFileReference; lastKnownFileType = file.storyboard; name = Base; path = Base.lproj/Main.storyboard; sourceTree = "<group>"; };
		237B85E72970471B001E4639 /* Assets.xcassets */ = {isa = PBXFileReference; lastKnownFileType = folder.assetcatalog; path = Assets.xcassets; sourceTree = "<group>"; };
		237B85EA2970471B001E4639 /* Base */ = {isa = PBXFileReference; lastKnownFileType = file.storyboard; name = Base; path = Base.lproj/LaunchScreen.storyboard; sourceTree = "<group>"; };
		237B85EC2970471B001E4639 /* Info.plist */ = {isa = PBXFileReference; lastKnownFileType = text.plist.xml; path = Info.plist; sourceTree = "<group>"; };
		237B85F52970492B001E4639 /* PaymentModel.swift */ = {isa = PBXFileReference; lastKnownFileType = sourcecode.swift; path = PaymentModel.swift; sourceTree = "<group>"; };
		237B85F729704941001E4639 /* IncomeModel.swift */ = {isa = PBXFileReference; lastKnownFileType = sourcecode.swift; path = IncomeModel.swift; sourceTree = "<group>"; };
		237B85F929704956001E4639 /* DiaryModel.swift */ = {isa = PBXFileReference; lastKnownFileType = sourcecode.swift; path = DiaryModel.swift; sourceTree = "<group>"; };
		237B85FE29704A49001E4639 /* TabBarController.swift */ = {isa = PBXFileReference; lastKnownFileType = sourcecode.swift; path = TabBarController.swift; sourceTree = "<group>"; };
		237B860029704A59001E4639 /* InputViewController.swift */ = {isa = PBXFileReference; lastKnownFileType = sourcecode.swift; path = InputViewController.swift; sourceTree = "<group>"; };
		237B860229704A68001E4639 /* CalendarViewController.swift */ = {isa = PBXFileReference; lastKnownFileType = sourcecode.swift; path = CalendarViewController.swift; sourceTree = "<group>"; };
		237B860429704A7E001E4639 /* HouseholdAccountBookViewController.swift */ = {isa = PBXFileReference; lastKnownFileType = sourcecode.swift; path = HouseholdAccountBookViewController.swift; sourceTree = "<group>"; };
		237B860629704A8D001E4639 /* DiaryViewController.swift */ = {isa = PBXFileReference; lastKnownFileType = sourcecode.swift; path = DiaryViewController.swift; sourceTree = "<group>"; };
		237B860829704A96001E4639 /* SettingViewController.swift */ = {isa = PBXFileReference; lastKnownFileType = sourcecode.swift; path = SettingViewController.swift; sourceTree = "<group>"; };
		239137F32970FF5500BF09F8 /* DiaryTableViewCell.swift */ = {isa = PBXFileReference; lastKnownFileType = sourcecode.swift; path = DiaryTableViewCell.swift; sourceTree = "<group>"; };
		239137F42970FF5500BF09F8 /* DiaryTableViewCell.xib */ = {isa = PBXFileReference; lastKnownFileType = file.xib; path = DiaryTableViewCell.xib; sourceTree = "<group>"; };
		94AAD655EF8C982DC0DBC82A /* Pods-DHAB.debug.xcconfig */ = {isa = PBXFileReference; includeInIndex = 1; lastKnownFileType = text.xcconfig; name = "Pods-DHAB.debug.xcconfig"; path = "Target Support Files/Pods-DHAB/Pods-DHAB.debug.xcconfig"; sourceTree = "<group>"; };
		C8D4546030A0C2986A8CB944 /* Pods_DHAB.framework */ = {isa = PBXFileReference; explicitFileType = wrapper.framework; includeInIndex = 0; path = Pods_DHAB.framework; sourceTree = BUILT_PRODUCTS_DIR; };
		DF5F7A0342BDC4EB912424AC /* Pods-DHAB.release.xcconfig */ = {isa = PBXFileReference; includeInIndex = 1; lastKnownFileType = text.xcconfig; name = "Pods-DHAB.release.xcconfig"; path = "Target Support Files/Pods-DHAB/Pods-DHAB.release.xcconfig"; sourceTree = "<group>"; };
/* End PBXFileReference section */

/* Begin PBXFrameworksBuildPhase section */
		237B85D82970471A001E4639 /* Frameworks */ = {
			isa = PBXFrameworksBuildPhase;
			buildActionMask = 2147483647;
			files = (
				D17BA5BDC5939C115581FFA5 /* Pods_DHAB.framework in Frameworks */,
			);
			runOnlyForDeploymentPostprocessing = 0;
		};
/* End PBXFrameworksBuildPhase section */

/* Begin PBXGroup section */
		237B85D22970471A001E4639 = {
			isa = PBXGroup;
			children = (
				237B85DD2970471A001E4639 /* DHAB */,
				237B85DC2970471A001E4639 /* Products */,
				FE69DA473FAE4DA6B3C756F1 /* Pods */,
				D2158A32236C05243A74B6CD /* Frameworks */,
			);
			sourceTree = "<group>";
		};
		237B85DC2970471A001E4639 /* Products */ = {
			isa = PBXGroup;
			children = (
				237B85DB2970471A001E4639 /* DHAB.app */,
			);
			name = Products;
			sourceTree = "<group>";
		};
		237B85DD2970471A001E4639 /* DHAB */ = {
			isa = PBXGroup;
			children = (
				237B85F22970472F001E4639 /* Model */,
				237B85F32970473B001E4639 /* View */,
				237B85F429704744001E4639 /* Controller */,
				237B85E72970471B001E4639 /* Assets.xcassets */,
				237B85E92970471B001E4639 /* LaunchScreen.storyboard */,
				237B85EC2970471B001E4639 /* Info.plist */,
			);
			path = DHAB;
			sourceTree = "<group>";
		};
		237B85F22970472F001E4639 /* Model */ = {
			isa = PBXGroup;
			children = (
				237B85DE2970471A001E4639 /* AppDelegate.swift */,
				237B85E02970471A001E4639 /* SceneDelegate.swift */,
				237B85F52970492B001E4639 /* PaymentModel.swift */,
				237B85F729704941001E4639 /* IncomeModel.swift */,
				237B85F929704956001E4639 /* DiaryModel.swift */,
				239137F32970FF5500BF09F8 /* DiaryTableViewCell.swift */,
				239137F42970FF5500BF09F8 /* DiaryTableViewCell.xib */,
			);
			path = Model;
			sourceTree = "<group>";
		};
		237B85F32970473B001E4639 /* View */ = {
			isa = PBXGroup;
			children = (
				237B85E42970471A001E4639 /* Main.storyboard */,
			);
			path = View;
			sourceTree = "<group>";
		};
		237B85F429704744001E4639 /* Controller */ = {
			isa = PBXGroup;
			children = (
				237B85FE29704A49001E4639 /* TabBarController.swift */,
				237B860029704A59001E4639 /* InputViewController.swift */,
				237B860229704A68001E4639 /* CalendarViewController.swift */,
				237B860429704A7E001E4639 /* HouseholdAccountBookViewController.swift */,
				237B860629704A8D001E4639 /* DiaryViewController.swift */,
				237B860829704A96001E4639 /* SettingViewController.swift */,
			);
			path = Controller;
			sourceTree = "<group>";
		};
		D2158A32236C05243A74B6CD /* Frameworks */ = {
			isa = PBXGroup;
			children = (
				C8D4546030A0C2986A8CB944 /* Pods_DHAB.framework */,
			);
			name = Frameworks;
			sourceTree = "<group>";
		};
		FE69DA473FAE4DA6B3C756F1 /* Pods */ = {
			isa = PBXGroup;
			children = (
				94AAD655EF8C982DC0DBC82A /* Pods-DHAB.debug.xcconfig */,
				DF5F7A0342BDC4EB912424AC /* Pods-DHAB.release.xcconfig */,
			);
			path = Pods;
			sourceTree = "<group>";
		};
/* End PBXGroup section */

/* Begin PBXNativeTarget section */
		237B85DA2970471A001E4639 /* DHAB */ = {
			isa = PBXNativeTarget;
			buildConfigurationList = 237B85EF2970471B001E4639 /* Build configuration list for PBXNativeTarget "DHAB" */;
			buildPhases = (
				72339C8B430D61FA6D58C0AA /* [CP] Check Pods Manifest.lock */,
				237B85D72970471A001E4639 /* Sources */,
				237B85D82970471A001E4639 /* Frameworks */,
				237B85D92970471A001E4639 /* Resources */,
				784DE5190519702EC67FB89D /* [CP] Embed Pods Frameworks */,
			);
			buildRules = (
			);
			dependencies = (
			);
			name = DHAB;
			productName = DHAB;
			productReference = 237B85DB2970471A001E4639 /* DHAB.app */;
			productType = "com.apple.product-type.application";
		};
/* End PBXNativeTarget section */

/* Begin PBXProject section */
		237B85D32970471A001E4639 /* Project object */ = {
			isa = PBXProject;
			attributes = {
				BuildIndependentTargetsInParallel = 1;
				LastSwiftUpdateCheck = 1420;
				LastUpgradeCheck = 1420;
				TargetAttributes = {
					237B85DA2970471A001E4639 = {
						CreatedOnToolsVersion = 14.2;
					};
				};
			};
			buildConfigurationList = 237B85D62970471A001E4639 /* Build configuration list for PBXProject "DHAB" */;
			compatibilityVersion = "Xcode 14.0";
			developmentRegion = en;
			hasScannedForEncodings = 0;
			knownRegions = (
				en,
				Base,
			);
			mainGroup = 237B85D22970471A001E4639;
			productRefGroup = 237B85DC2970471A001E4639 /* Products */;
			projectDirPath = "";
			projectRoot = "";
			targets = (
				237B85DA2970471A001E4639 /* DHAB */,
			);
		};
/* End PBXProject section */

/* Begin PBXResourcesBuildPhase section */
		237B85D92970471A001E4639 /* Resources */ = {
			isa = PBXResourcesBuildPhase;
			buildActionMask = 2147483647;
			files = (
				237B85EB2970471B001E4639 /* LaunchScreen.storyboard in Resources */,
				237B85E82970471B001E4639 /* Assets.xcassets in Resources */,
				237B85E62970471A001E4639 /* Main.storyboard in Resources */,
				239137F62970FF5500BF09F8 /* DiaryTableViewCell.xib in Resources */,
			);
			runOnlyForDeploymentPostprocessing = 0;
		};
/* End PBXResourcesBuildPhase section */

/* Begin PBXShellScriptBuildPhase section */
		72339C8B430D61FA6D58C0AA /* [CP] Check Pods Manifest.lock */ = {
			isa = PBXShellScriptBuildPhase;
			buildActionMask = 2147483647;
			files = (
			);
			inputFileListPaths = (
			);
			inputPaths = (
				"${PODS_PODFILE_DIR_PATH}/Podfile.lock",
				"${PODS_ROOT}/Manifest.lock",
			);
			name = "[CP] Check Pods Manifest.lock";
			outputFileListPaths = (
			);
			outputPaths = (
				"$(DERIVED_FILE_DIR)/Pods-DHAB-checkManifestLockResult.txt",
			);
			runOnlyForDeploymentPostprocessing = 0;
			shellPath = /bin/sh;
			shellScript = "diff \"${PODS_PODFILE_DIR_PATH}/Podfile.lock\" \"${PODS_ROOT}/Manifest.lock\" > /dev/null\nif [ $? != 0 ] ; then\n    # print error to STDERR\n    echo \"error: The sandbox is not in sync with the Podfile.lock. Run 'pod install' or update your CocoaPods installation.\" >&2\n    exit 1\nfi\n# This output is used by Xcode 'outputs' to avoid re-running this script phase.\necho \"SUCCESS\" > \"${SCRIPT_OUTPUT_FILE_0}\"\n";
			showEnvVarsInLog = 0;
		};
		784DE5190519702EC67FB89D /* [CP] Embed Pods Frameworks */ = {
			isa = PBXShellScriptBuildPhase;
			buildActionMask = 2147483647;
			files = (
			);
			inputFileListPaths = (
				"${PODS_ROOT}/Target Support Files/Pods-DHAB/Pods-DHAB-frameworks-${CONFIGURATION}-input-files.xcfilelist",
			);
			name = "[CP] Embed Pods Frameworks";
			outputFileListPaths = (
				"${PODS_ROOT}/Target Support Files/Pods-DHAB/Pods-DHAB-frameworks-${CONFIGURATION}-output-files.xcfilelist",
			);
			runOnlyForDeploymentPostprocessing = 0;
			shellPath = /bin/sh;
			shellScript = "\"${PODS_ROOT}/Target Support Files/Pods-DHAB/Pods-DHAB-frameworks.sh\"\n";
			showEnvVarsInLog = 0;
		};
/* End PBXShellScriptBuildPhase section */

/* Begin PBXSourcesBuildPhase section */
		237B85D72970471A001E4639 /* Sources */ = {
			isa = PBXSourcesBuildPhase;
			buildActionMask = 2147483647;
			files = (
				237B85F62970492B001E4639 /* PaymentModel.swift in Sources */,
				239137F52970FF5500BF09F8 /* DiaryTableViewCell.swift in Sources */,
				237B85FA29704956001E4639 /* DiaryModel.swift in Sources */,
				237B85F829704941001E4639 /* IncomeModel.swift in Sources */,
				237B860729704A8D001E4639 /* DiaryViewController.swift in Sources */,
				237B860129704A59001E4639 /* InputViewController.swift in Sources */,
				237B85DF2970471A001E4639 /* AppDelegate.swift in Sources */,
				237B860529704A7E001E4639 /* HouseholdAccountBookViewController.swift in Sources */,
				237B85FF29704A49001E4639 /* TabBarController.swift in Sources */,
				237B860329704A68001E4639 /* CalendarViewController.swift in Sources */,
				237B85E12970471A001E4639 /* SceneDelegate.swift in Sources */,
				237B860929704A96001E4639 /* SettingViewController.swift in Sources */,
			);
			runOnlyForDeploymentPostprocessing = 0;
		};
/* End PBXSourcesBuildPhase section */

/* Begin PBXVariantGroup section */
		237B85E42970471A001E4639 /* Main.storyboard */ = {
			isa = PBXVariantGroup;
			children = (
				237B85E52970471A001E4639 /* Base */,
			);
			name = Main.storyboard;
			sourceTree = "<group>";
		};
		237B85E92970471B001E4639 /* LaunchScreen.storyboard */ = {
			isa = PBXVariantGroup;
			children = (
				237B85EA2970471B001E4639 /* Base */,
			);
			name = LaunchScreen.storyboard;
			sourceTree = "<group>";
		};
/* End PBXVariantGroup section */

/* Begin XCBuildConfiguration section */
		237B85ED2970471B001E4639 /* Debug */ = {
			isa = XCBuildConfiguration;
			buildSettings = {
				ALWAYS_SEARCH_USER_PATHS = NO;
				CLANG_ANALYZER_NONNULL = YES;
				CLANG_ANALYZER_NUMBER_OBJECT_CONVERSION = YES_AGGRESSIVE;
				CLANG_CXX_LANGUAGE_STANDARD = "gnu++20";
				CLANG_ENABLE_MODULES = YES;
				CLANG_ENABLE_OBJC_ARC = YES;
				CLANG_ENABLE_OBJC_WEAK = YES;
				CLANG_WARN_BLOCK_CAPTURE_AUTORELEASING = YES;
				CLANG_WARN_BOOL_CONVERSION = YES;
				CLANG_WARN_COMMA = YES;
				CLANG_WARN_CONSTANT_CONVERSION = YES;
				CLANG_WARN_DEPRECATED_OBJC_IMPLEMENTATIONS = YES;
				CLANG_WARN_DIRECT_OBJC_ISA_USAGE = YES_ERROR;
				CLANG_WARN_DOCUMENTATION_COMMENTS = YES;
				CLANG_WARN_EMPTY_BODY = YES;
				CLANG_WARN_ENUM_CONVERSION = YES;
				CLANG_WARN_INFINITE_RECURSION = YES;
				CLANG_WARN_INT_CONVERSION = YES;
				CLANG_WARN_NON_LITERAL_NULL_CONVERSION = YES;
				CLANG_WARN_OBJC_IMPLICIT_RETAIN_SELF = YES;
				CLANG_WARN_OBJC_LITERAL_CONVERSION = YES;
				CLANG_WARN_OBJC_ROOT_CLASS = YES_ERROR;
				CLANG_WARN_QUOTED_INCLUDE_IN_FRAMEWORK_HEADER = YES;
				CLANG_WARN_RANGE_LOOP_ANALYSIS = YES;
				CLANG_WARN_STRICT_PROTOTYPES = YES;
				CLANG_WARN_SUSPICIOUS_MOVE = YES;
				CLANG_WARN_UNGUARDED_AVAILABILITY = YES_AGGRESSIVE;
				CLANG_WARN_UNREACHABLE_CODE = YES;
				CLANG_WARN__DUPLICATE_METHOD_MATCH = YES;
				COPY_PHASE_STRIP = NO;
				DEBUG_INFORMATION_FORMAT = dwarf;
				ENABLE_STRICT_OBJC_MSGSEND = YES;
				ENABLE_TESTABILITY = YES;
				GCC_C_LANGUAGE_STANDARD = gnu11;
				GCC_DYNAMIC_NO_PIC = NO;
				GCC_NO_COMMON_BLOCKS = YES;
				GCC_OPTIMIZATION_LEVEL = 0;
				GCC_PREPROCESSOR_DEFINITIONS = (
					"DEBUG=1",
					"$(inherited)",
				);
				GCC_WARN_64_TO_32_BIT_CONVERSION = YES;
				GCC_WARN_ABOUT_RETURN_TYPE = YES_ERROR;
				GCC_WARN_UNDECLARED_SELECTOR = YES;
				GCC_WARN_UNINITIALIZED_AUTOS = YES_AGGRESSIVE;
				GCC_WARN_UNUSED_FUNCTION = YES;
				GCC_WARN_UNUSED_VARIABLE = YES;
				IPHONEOS_DEPLOYMENT_TARGET = 16.2;
				MTL_ENABLE_DEBUG_INFO = INCLUDE_SOURCE;
				MTL_FAST_MATH = YES;
				ONLY_ACTIVE_ARCH = YES;
				SDKROOT = iphoneos;
				SWIFT_ACTIVE_COMPILATION_CONDITIONS = DEBUG;
				SWIFT_OPTIMIZATION_LEVEL = "-Onone";
			};
			name = Debug;
		};
		237B85EE2970471B001E4639 /* Release */ = {
			isa = XCBuildConfiguration;
			buildSettings = {
				ALWAYS_SEARCH_USER_PATHS = NO;
				CLANG_ANALYZER_NONNULL = YES;
				CLANG_ANALYZER_NUMBER_OBJECT_CONVERSION = YES_AGGRESSIVE;
				CLANG_CXX_LANGUAGE_STANDARD = "gnu++20";
				CLANG_ENABLE_MODULES = YES;
				CLANG_ENABLE_OBJC_ARC = YES;
				CLANG_ENABLE_OBJC_WEAK = YES;
				CLANG_WARN_BLOCK_CAPTURE_AUTORELEASING = YES;
				CLANG_WARN_BOOL_CONVERSION = YES;
				CLANG_WARN_COMMA = YES;
				CLANG_WARN_CONSTANT_CONVERSION = YES;
				CLANG_WARN_DEPRECATED_OBJC_IMPLEMENTATIONS = YES;
				CLANG_WARN_DIRECT_OBJC_ISA_USAGE = YES_ERROR;
				CLANG_WARN_DOCUMENTATION_COMMENTS = YES;
				CLANG_WARN_EMPTY_BODY = YES;
				CLANG_WARN_ENUM_CONVERSION = YES;
				CLANG_WARN_INFINITE_RECURSION = YES;
				CLANG_WARN_INT_CONVERSION = YES;
				CLANG_WARN_NON_LITERAL_NULL_CONVERSION = YES;
				CLANG_WARN_OBJC_IMPLICIT_RETAIN_SELF = YES;
				CLANG_WARN_OBJC_LITERAL_CONVERSION = YES;
				CLANG_WARN_OBJC_ROOT_CLASS = YES_ERROR;
				CLANG_WARN_QUOTED_INCLUDE_IN_FRAMEWORK_HEADER = YES;
				CLANG_WARN_RANGE_LOOP_ANALYSIS = YES;
				CLANG_WARN_STRICT_PROTOTYPES = YES;
				CLANG_WARN_SUSPICIOUS_MOVE = YES;
				CLANG_WARN_UNGUARDED_AVAILABILITY = YES_AGGRESSIVE;
				CLANG_WARN_UNREACHABLE_CODE = YES;
				CLANG_WARN__DUPLICATE_METHOD_MATCH = YES;
				COPY_PHASE_STRIP = NO;
				DEBUG_INFORMATION_FORMAT = "dwarf-with-dsym";
				ENABLE_NS_ASSERTIONS = NO;
				ENABLE_STRICT_OBJC_MSGSEND = YES;
				GCC_C_LANGUAGE_STANDARD = gnu11;
				GCC_NO_COMMON_BLOCKS = YES;
				GCC_WARN_64_TO_32_BIT_CONVERSION = YES;
				GCC_WARN_ABOUT_RETURN_TYPE = YES_ERROR;
				GCC_WARN_UNDECLARED_SELECTOR = YES;
				GCC_WARN_UNINITIALIZED_AUTOS = YES_AGGRESSIVE;
				GCC_WARN_UNUSED_FUNCTION = YES;
				GCC_WARN_UNUSED_VARIABLE = YES;
				IPHONEOS_DEPLOYMENT_TARGET = 16.2;
				MTL_ENABLE_DEBUG_INFO = NO;
				MTL_FAST_MATH = YES;
				SDKROOT = iphoneos;
				SWIFT_COMPILATION_MODE = wholemodule;
				SWIFT_OPTIMIZATION_LEVEL = "-O";
				VALIDATE_PRODUCT = YES;
			};
			name = Release;
		};
		237B85F02970471B001E4639 /* Debug */ = {
			isa = XCBuildConfiguration;
			baseConfigurationReference = 94AAD655EF8C982DC0DBC82A /* Pods-DHAB.debug.xcconfig */;
			buildSettings = {
				ASSETCATALOG_COMPILER_APPICON_NAME = AppIcon;
				ASSETCATALOG_COMPILER_GLOBAL_ACCENT_COLOR_NAME = AccentColor;
				CODE_SIGN_STYLE = Automatic;
				CURRENT_PROJECT_VERSION = 1;
				DEVELOPMENT_TEAM = UGB2RBGPCV;
				GENERATE_INFOPLIST_FILE = YES;
				INFOPLIST_FILE = DHAB/Info.plist;
				INFOPLIST_KEY_UIApplicationSupportsIndirectInputEvents = YES;
				INFOPLIST_KEY_UILaunchStoryboardName = LaunchScreen;
				INFOPLIST_KEY_UIMainStoryboardFile = Main;
				INFOPLIST_KEY_UISupportedInterfaceOrientations_iPad = "UIInterfaceOrientationPortrait UIInterfaceOrientationPortraitUpsideDown UIInterfaceOrientationLandscapeLeft UIInterfaceOrientationLandscapeRight";
				INFOPLIST_KEY_UISupportedInterfaceOrientations_iPhone = "UIInterfaceOrientationPortrait UIInterfaceOrientationLandscapeLeft UIInterfaceOrientationLandscapeRight";
				LD_RUNPATH_SEARCH_PATHS = (
					"$(inherited)",
					"@executable_path/Frameworks",
				);
				MARKETING_VERSION = 1.0;
				PRODUCT_BUNDLE_IDENTIFIER = setoon47.DHAB;
				PRODUCT_NAME = "$(TARGET_NAME)";
				SWIFT_EMIT_LOC_STRINGS = YES;
				SWIFT_VERSION = 5.0;
				TARGETED_DEVICE_FAMILY = "1,2";
			};
			name = Debug;
		};
		237B85F12970471B001E4639 /* Release */ = {
			isa = XCBuildConfiguration;
			baseConfigurationReference = DF5F7A0342BDC4EB912424AC /* Pods-DHAB.release.xcconfig */;
			buildSettings = {
				ASSETCATALOG_COMPILER_APPICON_NAME = AppIcon;
				ASSETCATALOG_COMPILER_GLOBAL_ACCENT_COLOR_NAME = AccentColor;
				CODE_SIGN_STYLE = Automatic;
				CURRENT_PROJECT_VERSION = 1;
				DEVELOPMENT_TEAM = UGB2RBGPCV;
				GENERATE_INFOPLIST_FILE = YES;
				INFOPLIST_FILE = DHAB/Info.plist;
				INFOPLIST_KEY_UIApplicationSupportsIndirectInputEvents = YES;
				INFOPLIST_KEY_UILaunchStoryboardName = LaunchScreen;
				INFOPLIST_KEY_UIMainStoryboardFile = Main;
				INFOPLIST_KEY_UISupportedInterfaceOrientations_iPad = "UIInterfaceOrientationPortrait UIInterfaceOrientationPortraitUpsideDown UIInterfaceOrientationLandscapeLeft UIInterfaceOrientationLandscapeRight";
				INFOPLIST_KEY_UISupportedInterfaceOrientations_iPhone = "UIInterfaceOrientationPortrait UIInterfaceOrientationLandscapeLeft UIInterfaceOrientationLandscapeRight";
				LD_RUNPATH_SEARCH_PATHS = (
					"$(inherited)",
					"@executable_path/Frameworks",
				);
				MARKETING_VERSION = 1.0;
				PRODUCT_BUNDLE_IDENTIFIER = setoon47.DHAB;
				PRODUCT_NAME = "$(TARGET_NAME)";
				SWIFT_EMIT_LOC_STRINGS = YES;
				SWIFT_VERSION = 5.0;
				TARGETED_DEVICE_FAMILY = "1,2";
			};
			name = Release;
		};
/* End XCBuildConfiguration section */

/* Begin XCConfigurationList section */
		237B85D62970471A001E4639 /* Build configuration list for PBXProject "DHAB" */ = {
			isa = XCConfigurationList;
			buildConfigurations = (
				237B85ED2970471B001E4639 /* Debug */,
				237B85EE2970471B001E4639 /* Release */,
			);
			defaultConfigurationIsVisible = 0;
			defaultConfigurationName = Release;
		};
		237B85EF2970471B001E4639 /* Build configuration list for PBXNativeTarget "DHAB" */ = {
			isa = XCConfigurationList;
			buildConfigurations = (
				237B85F02970471B001E4639 /* Debug */,
				237B85F12970471B001E4639 /* Release */,
			);
			defaultConfigurationIsVisible = 0;
			defaultConfigurationName = Release;
		};
/* End XCConfigurationList section */
	};
	rootObject = 237B85D32970471A001E4639 /* Project object */;
}
