// !$*UTF8*$!
{
	archiveVersion = 1;
	classes = {
	};
	objectVersion = 56;
	objects = {

/* Begin PBXBuildFile section */
		233E500729C2C55E00F35DB8 /* InputCollectionViewCell.swift in Sources */ = {isa = PBXBuildFile; fileRef = 233E500529C2C55E00F35DB8 /* InputCollectionViewCell.swift */; };
		233E500829C2C55E00F35DB8 /* InputCollectionViewCell.xib in Resources */ = {isa = PBXBuildFile; fileRef = 233E500629C2C55E00F35DB8 /* InputCollectionViewCell.xib */; };
		23507F0E298E9AD70025EAE5 /* Category.swift in Sources */ = {isa = PBXBuildFile; fileRef = 23507F0D298E9AD70025EAE5 /* Category.swift */; };
		23507F10298E9BD00025EAE5 /* BudgetTableViewCellItem.swift in Sources */ = {isa = PBXBuildFile; fileRef = 23507F0F298E9BD00025EAE5 /* BudgetTableViewCellItem.swift */; };
		23507F1429911D690025EAE5 /* HouseholdAccountBookTableViewCellItem.swift in Sources */ = {isa = PBXBuildFile; fileRef = 23507F1329911D690025EAE5 /* HouseholdAccountBookTableViewCellItem.swift */; };
		2368D62329DE76D20070A67E /* SelectStartUpModalTableViewCell.swift in Sources */ = {isa = PBXBuildFile; fileRef = 2368D62129DE76D20070A67E /* SelectStartUpModalTableViewCell.swift */; };
		2368D62429DE76D20070A67E /* SelectStartUpModalTableViewCell.xib in Resources */ = {isa = PBXBuildFile; fileRef = 2368D62229DE76D20070A67E /* SelectStartUpModalTableViewCell.xib */; };
		237AFB652974ECAC0060ECD0 /* BudgetViewController.storyboard in Resources */ = {isa = PBXBuildFile; fileRef = 237AFB642974ECAC0060ECD0 /* BudgetViewController.storyboard */; };
		237AFB672974ECBC0060ECD0 /* BudgetViewController.swift in Sources */ = {isa = PBXBuildFile; fileRef = 237AFB662974ECBC0060ECD0 /* BudgetViewController.swift */; };
		237AFB6B2975027B0060ECD0 /* BudgetTableViewCell.swift in Sources */ = {isa = PBXBuildFile; fileRef = 237AFB692975027B0060ECD0 /* BudgetTableViewCell.swift */; };
		237AFB6C2975027B0060ECD0 /* BudgetTableViewCell.xib in Resources */ = {isa = PBXBuildFile; fileRef = 237AFB6A2975027B0060ECD0 /* BudgetTableViewCell.xib */; };
		237AFB6E297506930060ECD0 /* ExpenseItemViewController.storyboard in Resources */ = {isa = PBXBuildFile; fileRef = 237AFB6D297506930060ECD0 /* ExpenseItemViewController.storyboard */; };
		237AFB70297506A20060ECD0 /* ExpenseItemViewController.swift in Sources */ = {isa = PBXBuildFile; fileRef = 237AFB6F297506A20060ECD0 /* ExpenseItemViewController.swift */; };
		237B85DF2970471A001E4639 /* AppDelegate.swift in Sources */ = {isa = PBXBuildFile; fileRef = 237B85DE2970471A001E4639 /* AppDelegate.swift */; };
		237B85E12970471A001E4639 /* SceneDelegate.swift in Sources */ = {isa = PBXBuildFile; fileRef = 237B85E02970471A001E4639 /* SceneDelegate.swift */; };
		237B85E62970471A001E4639 /* Main.storyboard in Resources */ = {isa = PBXBuildFile; fileRef = 237B85E42970471A001E4639 /* Main.storyboard */; };
		237B85E82970471B001E4639 /* Assets.xcassets in Resources */ = {isa = PBXBuildFile; fileRef = 237B85E72970471B001E4639 /* Assets.xcassets */; };
		237B85EB2970471B001E4639 /* LaunchScreen.storyboard in Resources */ = {isa = PBXBuildFile; fileRef = 237B85E92970471B001E4639 /* LaunchScreen.storyboard */; };
		237B85F62970492B001E4639 /* Journal.swift in Sources */ = {isa = PBXBuildFile; fileRef = 237B85F52970492B001E4639 /* Journal.swift */; };
		237B85FA29704956001E4639 /* Diary.swift in Sources */ = {isa = PBXBuildFile; fileRef = 237B85F929704956001E4639 /* Diary.swift */; };
		237B85FF29704A49001E4639 /* TabBarController.swift in Sources */ = {isa = PBXBuildFile; fileRef = 237B85FE29704A49001E4639 /* TabBarController.swift */; };
		237B860129704A59001E4639 /* InputViewController.swift in Sources */ = {isa = PBXBuildFile; fileRef = 237B860029704A59001E4639 /* InputViewController.swift */; };
		237B860329704A68001E4639 /* CalendarViewController.swift in Sources */ = {isa = PBXBuildFile; fileRef = 237B860229704A68001E4639 /* CalendarViewController.swift */; };
		237B860529704A7E001E4639 /* HouseholdAccountBookViewController.swift in Sources */ = {isa = PBXBuildFile; fileRef = 237B860429704A7E001E4639 /* HouseholdAccountBookViewController.swift */; };
		237B860729704A8D001E4639 /* DiaryViewController.swift in Sources */ = {isa = PBXBuildFile; fileRef = 237B860629704A8D001E4639 /* DiaryViewController.swift */; };
		239137F52970FF5500BF09F8 /* DiaryTableViewCell.swift in Sources */ = {isa = PBXBuildFile; fileRef = 239137F32970FF5500BF09F8 /* DiaryTableViewCell.swift */; };
		239137F62970FF5500BF09F8 /* DiaryTableViewCell.xib in Resources */ = {isa = PBXBuildFile; fileRef = 239137F42970FF5500BF09F8 /* DiaryTableViewCell.xib */; };
		23A0B28C29A84CA1000956CF /* RecognitionChange.swift in Sources */ = {isa = PBXBuildFile; fileRef = 23A0B28B29A84CA1000956CF /* RecognitionChange.swift */; };
		23A0B29229AA4522000956CF /* extension + Date.swift in Sources */ = {isa = PBXBuildFile; fileRef = 23A0B29129AA4522000956CF /* extension + Date.swift */; };
		23AA408B29ECDEA8004E5BBB /* LookJournalViewController.swift in Sources */ = {isa = PBXBuildFile; fileRef = 23AA408A29ECDEA8004E5BBB /* LookJournalViewController.swift */; };
		23AA409129ECDF70004E5BBB /* LookJournalModel.swift in Sources */ = {isa = PBXBuildFile; fileRef = 23AA409029ECDF70004E5BBB /* LookJournalModel.swift */; };
		23ACC141297F9C2600ABA10D /* BudgetConfigureTableViewCell.swift in Sources */ = {isa = PBXBuildFile; fileRef = 23ACC13F297F9C2600ABA10D /* BudgetConfigureTableViewCell.swift */; };
		23ACC142297F9C2600ABA10D /* BudgetConfigureTableViewCell.xib in Resources */ = {isa = PBXBuildFile; fileRef = 23ACC140297F9C2600ABA10D /* BudgetConfigureTableViewCell.xib */; };
		23ACC1462988AC5500ABA10D /* SliderViewCell.swift in Sources */ = {isa = PBXBuildFile; fileRef = 23ACC1442988AC5500ABA10D /* SliderViewCell.swift */; };
		23ACC1472988AC5500ABA10D /* SliderViewCell.xib in Resources */ = {isa = PBXBuildFile; fileRef = 23ACC1452988AC5500ABA10D /* SliderViewCell.xib */; };
		23C1600D29795E0F0026EAF9 /* BudgetConfigureViewController.swift in Sources */ = {isa = PBXBuildFile; fileRef = 23C1600C29795E0F0026EAF9 /* BudgetConfigureViewController.swift */; };
		23CBECC229CD4E3000A5E777 /* PictureViewController.swift in Sources */ = {isa = PBXBuildFile; fileRef = 23CBECC129CD4E3000A5E777 /* PictureViewController.swift */; };
		23CBECC429CD726F00A5E777 /* LookDiaryViewController.swift in Sources */ = {isa = PBXBuildFile; fileRef = 23CBECC329CD726F00A5E777 /* LookDiaryViewController.swift */; };
		23CBECCB29D30AAD00A5E777 /* FSCalendarCustomCell.swift in Sources */ = {isa = PBXBuildFile; fileRef = 23CBECC929D30AAD00A5E777 /* FSCalendarCustomCell.swift */; };
		23CBECCC29D30AAD00A5E777 /* FSCalendarCustomCell.xib in Resources */ = {isa = PBXBuildFile; fileRef = 23CBECCA29D30AAD00A5E777 /* FSCalendarCustomCell.xib */; };
		23CF14BE29EF817100773C2C /* ColorViewController.swift in Sources */ = {isa = PBXBuildFile; fileRef = 23CF14BD29EF817100773C2C /* ColorViewController.swift */; };
		23CF14C029EF818E00773C2C /* ColorModel.swift in Sources */ = {isa = PBXBuildFile; fileRef = 23CF14BF29EF818E00773C2C /* ColorModel.swift */; };
		23CF14C329EF88CE00773C2C /* ColorTableViewCell.swift in Sources */ = {isa = PBXBuildFile; fileRef = 23CF14C129EF88CE00773C2C /* ColorTableViewCell.swift */; };
		23CF14C429EF88CE00773C2C /* ColorTableViewCell.xib in Resources */ = {isa = PBXBuildFile; fileRef = 23CF14C229EF88CE00773C2C /* ColorTableViewCell.xib */; };
		23D406FC29DA927F00E92C52 /* TabBarModel.swift in Sources */ = {isa = PBXBuildFile; fileRef = 23D406FB29DA927F00E92C52 /* TabBarModel.swift */; };
		23D406FE29DA92AC00E92C52 /* InputViewModel.swift in Sources */ = {isa = PBXBuildFile; fileRef = 23D406FD29DA92AC00E92C52 /* InputViewModel.swift */; };
		23D4070029DA92D300E92C52 /* CalendarViewModel.swift in Sources */ = {isa = PBXBuildFile; fileRef = 23D406FF29DA92D300E92C52 /* CalendarViewModel.swift */; };
		23D4070229DA92F600E92C52 /* HouseholdAccountBookViewModel.swift in Sources */ = {isa = PBXBuildFile; fileRef = 23D4070129DA92F600E92C52 /* HouseholdAccountBookViewModel.swift */; };
		23D4070429DA931400E92C52 /* DiaryViewModel.swift in Sources */ = {isa = PBXBuildFile; fileRef = 23D4070329DA931400E92C52 /* DiaryViewModel.swift */; };
		23D4070629DA932D00E92C52 /* BudgetViewModel.swift in Sources */ = {isa = PBXBuildFile; fileRef = 23D4070529DA932D00E92C52 /* BudgetViewModel.swift */; };
		23D4070829DA936900E92C52 /* BudgetConfigureViewModel.swift in Sources */ = {isa = PBXBuildFile; fileRef = 23D4070729DA936900E92C52 /* BudgetConfigureViewModel.swift */; };
		23D4070A29DA937C00E92C52 /* ExpenseItemViewModel.swift in Sources */ = {isa = PBXBuildFile; fileRef = 23D4070929DA937C00E92C52 /* ExpenseItemViewModel.swift */; };
		23D4070C29DA939100E92C52 /* PictureViewModel.swift in Sources */ = {isa = PBXBuildFile; fileRef = 23D4070B29DA939100E92C52 /* PictureViewModel.swift */; };
		23D4070E29DA93AA00E92C52 /* LookDiaryViewModel.swift in Sources */ = {isa = PBXBuildFile; fileRef = 23D4070D29DA93AA00E92C52 /* LookDiaryViewModel.swift */; };
		23EC22BB2971FEDB004FD6A1 /* HouseholdAccountBookTableViewCell.swift in Sources */ = {isa = PBXBuildFile; fileRef = 23EC22B92971FEDB004FD6A1 /* HouseholdAccountBookTableViewCell.swift */; };
		23EC22BC2971FEDB004FD6A1 /* HouseholdAccountBookTableViewCell.xib in Resources */ = {isa = PBXBuildFile; fileRef = 23EC22BA2971FEDB004FD6A1 /* HouseholdAccountBookTableViewCell.xib */; };
		23EEE7CF2972CF2700A52939 /* InputViewController.storyboard in Resources */ = {isa = PBXBuildFile; fileRef = 23EEE7CE2972CF2700A52939 /* InputViewController.storyboard */; };
		23EEE7D12972CF4000A52939 /* CalendarViewController.storyboard in Resources */ = {isa = PBXBuildFile; fileRef = 23EEE7D02972CF4000A52939 /* CalendarViewController.storyboard */; };
		23EEE7D32972CF5A00A52939 /* HouseholdAccountBookViewController.storyboard in Resources */ = {isa = PBXBuildFile; fileRef = 23EEE7D22972CF5A00A52939 /* HouseholdAccountBookViewController.storyboard */; };
		23EEE7D52972CF6800A52939 /* DiaryViewController.storyboard in Resources */ = {isa = PBXBuildFile; fileRef = 23EEE7D42972CF6800A52939 /* DiaryViewController.storyboard */; };
		23EEE7D92972D7C000A52939 /* Budget.swift in Sources */ = {isa = PBXBuildFile; fileRef = 23EEE7D82972D7C000A52939 /* Budget.swift */; };
		D17BA5BDC5939C115581FFA5 /* Pods_DHAB.framework in Frameworks */ = {isa = PBXBuildFile; fileRef = C8D4546030A0C2986A8CB944 /* Pods_DHAB.framework */; };
		EDCA5F0129B5795900980AC7 /* ResultTableViewCell.swift in Sources */ = {isa = PBXBuildFile; fileRef = EDCA5EFF29B5795900980AC7 /* ResultTableViewCell.swift */; };
		EDCA5F0229B5795900980AC7 /* ResultTableViewCell.xib in Resources */ = {isa = PBXBuildFile; fileRef = EDCA5F0029B5795900980AC7 /* ResultTableViewCell.xib */; };
		EDE9354629BE0FAA006109C7 /* Util.swift in Sources */ = {isa = PBXBuildFile; fileRef = EDE9354529BE0FAA006109C7 /* Util.swift */; };
/* End PBXBuildFile section */

/* Begin PBXFileReference section */
		233E500529C2C55E00F35DB8 /* InputCollectionViewCell.swift */ = {isa = PBXFileReference; lastKnownFileType = sourcecode.swift; path = InputCollectionViewCell.swift; sourceTree = "<group>"; };
		233E500629C2C55E00F35DB8 /* InputCollectionViewCell.xib */ = {isa = PBXFileReference; lastKnownFileType = file.xib; path = InputCollectionViewCell.xib; sourceTree = "<group>"; };
		23507F0D298E9AD70025EAE5 /* Category.swift */ = {isa = PBXFileReference; lastKnownFileType = sourcecode.swift; path = Category.swift; sourceTree = "<group>"; };
		23507F0F298E9BD00025EAE5 /* BudgetTableViewCellItem.swift */ = {isa = PBXFileReference; lastKnownFileType = sourcecode.swift; path = BudgetTableViewCellItem.swift; sourceTree = "<group>"; };
		23507F1329911D690025EAE5 /* HouseholdAccountBookTableViewCellItem.swift */ = {isa = PBXFileReference; lastKnownFileType = sourcecode.swift; path = HouseholdAccountBookTableViewCellItem.swift; sourceTree = "<group>"; };
		2368D62129DE76D20070A67E /* SelectStartUpModalTableViewCell.swift */ = {isa = PBXFileReference; lastKnownFileType = sourcecode.swift; path = SelectStartUpModalTableViewCell.swift; sourceTree = "<group>"; };
		2368D62229DE76D20070A67E /* SelectStartUpModalTableViewCell.xib */ = {isa = PBXFileReference; lastKnownFileType = file.xib; path = SelectStartUpModalTableViewCell.xib; sourceTree = "<group>"; };
		237AFB642974ECAC0060ECD0 /* BudgetViewController.storyboard */ = {isa = PBXFileReference; lastKnownFileType = file.storyboard; path = BudgetViewController.storyboard; sourceTree = "<group>"; };
		237AFB662974ECBC0060ECD0 /* BudgetViewController.swift */ = {isa = PBXFileReference; lastKnownFileType = sourcecode.swift; path = BudgetViewController.swift; sourceTree = "<group>"; };
		237AFB692975027B0060ECD0 /* BudgetTableViewCell.swift */ = {isa = PBXFileReference; lastKnownFileType = sourcecode.swift; path = BudgetTableViewCell.swift; sourceTree = "<group>"; };
		237AFB6A2975027B0060ECD0 /* BudgetTableViewCell.xib */ = {isa = PBXFileReference; lastKnownFileType = file.xib; path = BudgetTableViewCell.xib; sourceTree = "<group>"; };
		237AFB6D297506930060ECD0 /* ExpenseItemViewController.storyboard */ = {isa = PBXFileReference; lastKnownFileType = file.storyboard; path = ExpenseItemViewController.storyboard; sourceTree = "<group>"; };
		237AFB6F297506A20060ECD0 /* ExpenseItemViewController.swift */ = {isa = PBXFileReference; lastKnownFileType = sourcecode.swift; path = ExpenseItemViewController.swift; sourceTree = "<group>"; };
		237B85DB2970471A001E4639 /* DHAB.app */ = {isa = PBXFileReference; explicitFileType = wrapper.application; includeInIndex = 0; path = DHAB.app; sourceTree = BUILT_PRODUCTS_DIR; };
		237B85DE2970471A001E4639 /* AppDelegate.swift */ = {isa = PBXFileReference; lastKnownFileType = sourcecode.swift; path = AppDelegate.swift; sourceTree = "<group>"; };
		237B85E02970471A001E4639 /* SceneDelegate.swift */ = {isa = PBXFileReference; lastKnownFileType = sourcecode.swift; path = SceneDelegate.swift; sourceTree = "<group>"; };
		237B85E52970471A001E4639 /* Base */ = {isa = PBXFileReference; lastKnownFileType = file.storyboard; name = Base; path = Base.lproj/Main.storyboard; sourceTree = "<group>"; };
		237B85E72970471B001E4639 /* Assets.xcassets */ = {isa = PBXFileReference; lastKnownFileType = folder.assetcatalog; path = Assets.xcassets; sourceTree = "<group>"; };
		237B85EA2970471B001E4639 /* Base */ = {isa = PBXFileReference; lastKnownFileType = file.storyboard; name = Base; path = Base.lproj/LaunchScreen.storyboard; sourceTree = "<group>"; };
		237B85EC2970471B001E4639 /* Info.plist */ = {isa = PBXFileReference; lastKnownFileType = text.plist.xml; path = Info.plist; sourceTree = "<group>"; };
		237B85F52970492B001E4639 /* Journal.swift */ = {isa = PBXFileReference; lastKnownFileType = sourcecode.swift; path = Journal.swift; sourceTree = "<group>"; };
		237B85F929704956001E4639 /* Diary.swift */ = {isa = PBXFileReference; lastKnownFileType = sourcecode.swift; path = Diary.swift; sourceTree = "<group>"; };
		237B85FE29704A49001E4639 /* TabBarController.swift */ = {isa = PBXFileReference; lastKnownFileType = sourcecode.swift; path = TabBarController.swift; sourceTree = "<group>"; };
		237B860029704A59001E4639 /* InputViewController.swift */ = {isa = PBXFileReference; lastKnownFileType = sourcecode.swift; path = InputViewController.swift; sourceTree = "<group>"; };
		237B860229704A68001E4639 /* CalendarViewController.swift */ = {isa = PBXFileReference; lastKnownFileType = sourcecode.swift; path = CalendarViewController.swift; sourceTree = "<group>"; };
		237B860429704A7E001E4639 /* HouseholdAccountBookViewController.swift */ = {isa = PBXFileReference; lastKnownFileType = sourcecode.swift; path = HouseholdAccountBookViewController.swift; sourceTree = "<group>"; };
		237B860629704A8D001E4639 /* DiaryViewController.swift */ = {isa = PBXFileReference; lastKnownFileType = sourcecode.swift; path = DiaryViewController.swift; sourceTree = "<group>"; };
		239137F32970FF5500BF09F8 /* DiaryTableViewCell.swift */ = {isa = PBXFileReference; lastKnownFileType = sourcecode.swift; path = DiaryTableViewCell.swift; sourceTree = "<group>"; };
		239137F42970FF5500BF09F8 /* DiaryTableViewCell.xib */ = {isa = PBXFileReference; lastKnownFileType = file.xib; path = DiaryTableViewCell.xib; sourceTree = "<group>"; };
		23A0B28B29A84CA1000956CF /* RecognitionChange.swift */ = {isa = PBXFileReference; lastKnownFileType = sourcecode.swift; path = RecognitionChange.swift; sourceTree = "<group>"; };
		23A0B29129AA4522000956CF /* extension + Date.swift */ = {isa = PBXFileReference; lastKnownFileType = sourcecode.swift; path = "extension + Date.swift"; sourceTree = "<group>"; };
		23AA408A29ECDEA8004E5BBB /* LookJournalViewController.swift */ = {isa = PBXFileReference; lastKnownFileType = sourcecode.swift; path = LookJournalViewController.swift; sourceTree = "<group>"; };
		23AA409029ECDF70004E5BBB /* LookJournalModel.swift */ = {isa = PBXFileReference; lastKnownFileType = sourcecode.swift; path = LookJournalModel.swift; sourceTree = "<group>"; };
		23ACC13F297F9C2600ABA10D /* BudgetConfigureTableViewCell.swift */ = {isa = PBXFileReference; lastKnownFileType = sourcecode.swift; path = BudgetConfigureTableViewCell.swift; sourceTree = "<group>"; };
		23ACC140297F9C2600ABA10D /* BudgetConfigureTableViewCell.xib */ = {isa = PBXFileReference; lastKnownFileType = file.xib; path = BudgetConfigureTableViewCell.xib; sourceTree = "<group>"; };
		23ACC1442988AC5500ABA10D /* SliderViewCell.swift */ = {isa = PBXFileReference; lastKnownFileType = sourcecode.swift; path = SliderViewCell.swift; sourceTree = "<group>"; };
		23ACC1452988AC5500ABA10D /* SliderViewCell.xib */ = {isa = PBXFileReference; lastKnownFileType = file.xib; path = SliderViewCell.xib; sourceTree = "<group>"; };
		23C1600C29795E0F0026EAF9 /* BudgetConfigureViewController.swift */ = {isa = PBXFileReference; lastKnownFileType = sourcecode.swift; path = BudgetConfigureViewController.swift; sourceTree = "<group>"; };
		23CBECC129CD4E3000A5E777 /* PictureViewController.swift */ = {isa = PBXFileReference; lastKnownFileType = sourcecode.swift; path = PictureViewController.swift; sourceTree = "<group>"; };
		23CBECC329CD726F00A5E777 /* LookDiaryViewController.swift */ = {isa = PBXFileReference; lastKnownFileType = sourcecode.swift; path = LookDiaryViewController.swift; sourceTree = "<group>"; };
		23CBECC929D30AAD00A5E777 /* FSCalendarCustomCell.swift */ = {isa = PBXFileReference; lastKnownFileType = sourcecode.swift; path = FSCalendarCustomCell.swift; sourceTree = "<group>"; };
		23CBECCA29D30AAD00A5E777 /* FSCalendarCustomCell.xib */ = {isa = PBXFileReference; lastKnownFileType = file.xib; path = FSCalendarCustomCell.xib; sourceTree = "<group>"; };
		23CF14BD29EF817100773C2C /* ColorViewController.swift */ = {isa = PBXFileReference; lastKnownFileType = sourcecode.swift; path = ColorViewController.swift; sourceTree = "<group>"; };
		23CF14BF29EF818E00773C2C /* ColorModel.swift */ = {isa = PBXFileReference; lastKnownFileType = sourcecode.swift; path = ColorModel.swift; sourceTree = "<group>"; };
		23CF14C129EF88CE00773C2C /* ColorTableViewCell.swift */ = {isa = PBXFileReference; lastKnownFileType = sourcecode.swift; path = ColorTableViewCell.swift; sourceTree = "<group>"; };
		23CF14C229EF88CE00773C2C /* ColorTableViewCell.xib */ = {isa = PBXFileReference; lastKnownFileType = file.xib; path = ColorTableViewCell.xib; sourceTree = "<group>"; };
		23D406FB29DA927F00E92C52 /* TabBarModel.swift */ = {isa = PBXFileReference; lastKnownFileType = sourcecode.swift; path = TabBarModel.swift; sourceTree = "<group>"; };
		23D406FD29DA92AC00E92C52 /* InputViewModel.swift */ = {isa = PBXFileReference; lastKnownFileType = sourcecode.swift; path = InputViewModel.swift; sourceTree = "<group>"; };
		23D406FF29DA92D300E92C52 /* CalendarViewModel.swift */ = {isa = PBXFileReference; lastKnownFileType = sourcecode.swift; path = CalendarViewModel.swift; sourceTree = "<group>"; };
		23D4070129DA92F600E92C52 /* HouseholdAccountBookViewModel.swift */ = {isa = PBXFileReference; lastKnownFileType = sourcecode.swift; path = HouseholdAccountBookViewModel.swift; sourceTree = "<group>"; };
		23D4070329DA931400E92C52 /* DiaryViewModel.swift */ = {isa = PBXFileReference; lastKnownFileType = sourcecode.swift; path = DiaryViewModel.swift; sourceTree = "<group>"; };
		23D4070529DA932D00E92C52 /* BudgetViewModel.swift */ = {isa = PBXFileReference; lastKnownFileType = sourcecode.swift; path = BudgetViewModel.swift; sourceTree = "<group>"; };
		23D4070729DA936900E92C52 /* BudgetConfigureViewModel.swift */ = {isa = PBXFileReference; lastKnownFileType = sourcecode.swift; path = BudgetConfigureViewModel.swift; sourceTree = "<group>"; };
		23D4070929DA937C00E92C52 /* ExpenseItemViewModel.swift */ = {isa = PBXFileReference; lastKnownFileType = sourcecode.swift; path = ExpenseItemViewModel.swift; sourceTree = "<group>"; };
		23D4070B29DA939100E92C52 /* PictureViewModel.swift */ = {isa = PBXFileReference; lastKnownFileType = sourcecode.swift; path = PictureViewModel.swift; sourceTree = "<group>"; };
		23D4070D29DA93AA00E92C52 /* LookDiaryViewModel.swift */ = {isa = PBXFileReference; lastKnownFileType = sourcecode.swift; path = LookDiaryViewModel.swift; sourceTree = "<group>"; };
		23EC22B92971FEDB004FD6A1 /* HouseholdAccountBookTableViewCell.swift */ = {isa = PBXFileReference; lastKnownFileType = sourcecode.swift; path = HouseholdAccountBookTableViewCell.swift; sourceTree = "<group>"; };
		23EC22BA2971FEDB004FD6A1 /* HouseholdAccountBookTableViewCell.xib */ = {isa = PBXFileReference; lastKnownFileType = file.xib; path = HouseholdAccountBookTableViewCell.xib; sourceTree = "<group>"; };
		23EEE7CE2972CF2700A52939 /* InputViewController.storyboard */ = {isa = PBXFileReference; lastKnownFileType = file.storyboard; path = InputViewController.storyboard; sourceTree = "<group>"; };
		23EEE7D02972CF4000A52939 /* CalendarViewController.storyboard */ = {isa = PBXFileReference; lastKnownFileType = file.storyboard; path = CalendarViewController.storyboard; sourceTree = "<group>"; };
		23EEE7D22972CF5A00A52939 /* HouseholdAccountBookViewController.storyboard */ = {isa = PBXFileReference; lastKnownFileType = file.storyboard; path = HouseholdAccountBookViewController.storyboard; sourceTree = "<group>"; };
		23EEE7D42972CF6800A52939 /* DiaryViewController.storyboard */ = {isa = PBXFileReference; lastKnownFileType = file.storyboard; path = DiaryViewController.storyboard; sourceTree = "<group>"; };
		23EEE7D82972D7C000A52939 /* Budget.swift */ = {isa = PBXFileReference; lastKnownFileType = sourcecode.swift; path = Budget.swift; sourceTree = "<group>"; };
		94AAD655EF8C982DC0DBC82A /* Pods-DHAB.debug.xcconfig */ = {isa = PBXFileReference; includeInIndex = 1; lastKnownFileType = text.xcconfig; name = "Pods-DHAB.debug.xcconfig"; path = "Target Support Files/Pods-DHAB/Pods-DHAB.debug.xcconfig"; sourceTree = "<group>"; };
		C8D4546030A0C2986A8CB944 /* Pods_DHAB.framework */ = {isa = PBXFileReference; explicitFileType = wrapper.framework; includeInIndex = 0; path = Pods_DHAB.framework; sourceTree = BUILT_PRODUCTS_DIR; };
		DF5F7A0342BDC4EB912424AC /* Pods-DHAB.release.xcconfig */ = {isa = PBXFileReference; includeInIndex = 1; lastKnownFileType = text.xcconfig; name = "Pods-DHAB.release.xcconfig"; path = "Target Support Files/Pods-DHAB/Pods-DHAB.release.xcconfig"; sourceTree = "<group>"; };
		EDCA5EFF29B5795900980AC7 /* ResultTableViewCell.swift */ = {isa = PBXFileReference; lastKnownFileType = sourcecode.swift; path = ResultTableViewCell.swift; sourceTree = "<group>"; };
		EDCA5F0029B5795900980AC7 /* ResultTableViewCell.xib */ = {isa = PBXFileReference; lastKnownFileType = file.xib; path = ResultTableViewCell.xib; sourceTree = "<group>"; };
		EDE9354529BE0FAA006109C7 /* Util.swift */ = {isa = PBXFileReference; lastKnownFileType = sourcecode.swift; path = Util.swift; sourceTree = "<group>"; };
/* End PBXFileReference section */

/* Begin PBXFrameworksBuildPhase section */
		237B85D82970471A001E4639 /* Frameworks */ = {
			isa = PBXFrameworksBuildPhase;
			buildActionMask = 2147483647;
			files = (
				D17BA5BDC5939C115581FFA5 /* Pods_DHAB.framework in Frameworks */,
			);
			runOnlyForDeploymentPostprocessing = 0;
		};
/* End PBXFrameworksBuildPhase section */

/* Begin PBXGroup section */
		237AFB68297502510060ECD0 /* customCell */ = {
			isa = PBXGroup;
			children = (
				239137F32970FF5500BF09F8 /* DiaryTableViewCell.swift */,
				239137F42970FF5500BF09F8 /* DiaryTableViewCell.xib */,
				23EC22B92971FEDB004FD6A1 /* HouseholdAccountBookTableViewCell.swift */,
				23EC22BA2971FEDB004FD6A1 /* HouseholdAccountBookTableViewCell.xib */,
				237AFB692975027B0060ECD0 /* BudgetTableViewCell.swift */,
				237AFB6A2975027B0060ECD0 /* BudgetTableViewCell.xib */,
				23ACC13F297F9C2600ABA10D /* BudgetConfigureTableViewCell.swift */,
				23ACC140297F9C2600ABA10D /* BudgetConfigureTableViewCell.xib */,
				23ACC1442988AC5500ABA10D /* SliderViewCell.swift */,
				23ACC1452988AC5500ABA10D /* SliderViewCell.xib */,
				EDCA5EFF29B5795900980AC7 /* ResultTableViewCell.swift */,
				EDCA5F0029B5795900980AC7 /* ResultTableViewCell.xib */,
				233E500529C2C55E00F35DB8 /* InputCollectionViewCell.swift */,
				233E500629C2C55E00F35DB8 /* InputCollectionViewCell.xib */,
				23CBECC929D30AAD00A5E777 /* FSCalendarCustomCell.swift */,
				23CBECCA29D30AAD00A5E777 /* FSCalendarCustomCell.xib */,
				2368D62129DE76D20070A67E /* SelectStartUpModalTableViewCell.swift */,
				2368D62229DE76D20070A67E /* SelectStartUpModalTableViewCell.xib */,
				23CF14C129EF88CE00773C2C /* ColorTableViewCell.swift */,
				23CF14C229EF88CE00773C2C /* ColorTableViewCell.xib */,
			);
			path = customCell;
			sourceTree = "<group>";
		};
		237B85D22970471A001E4639 = {
			isa = PBXGroup;
			children = (
				237B85DD2970471A001E4639 /* DHAB */,
				237B85DC2970471A001E4639 /* Products */,
				FE69DA473FAE4DA6B3C756F1 /* Pods */,
				D2158A32236C05243A74B6CD /* Frameworks */,
			);
			sourceTree = "<group>";
		};
		237B85DC2970471A001E4639 /* Products */ = {
			isa = PBXGroup;
			children = (
				237B85DB2970471A001E4639 /* DHAB.app */,
			);
			name = Products;
			sourceTree = "<group>";
		};
		237B85DD2970471A001E4639 /* DHAB */ = {
			isa = PBXGroup;
			children = (
				237B85DE2970471A001E4639 /* AppDelegate.swift */,
				237B85E02970471A001E4639 /* SceneDelegate.swift */,
				23A0B28B29A84CA1000956CF /* RecognitionChange.swift */,
				23A0B29129AA4522000956CF /* extension + Date.swift */,
				23CBECC029CBE87500A5E777 /* Entity */,
				237B85F22970472F001E4639 /* Model */,
				237B85F32970473B001E4639 /* View */,
				237B85F429704744001E4639 /* Controller */,
				237B85E72970471B001E4639 /* Assets.xcassets */,
				237B85E92970471B001E4639 /* LaunchScreen.storyboard */,
				237B85EC2970471B001E4639 /* Info.plist */,
			);
			path = DHAB;
			sourceTree = "<group>";
		};
		237B85F22970472F001E4639 /* Model */ = {
			isa = PBXGroup;
			children = (
				EDE9354529BE0FAA006109C7 /* Util.swift */,
				23D406FB29DA927F00E92C52 /* TabBarModel.swift */,
				23D406FD29DA92AC00E92C52 /* InputViewModel.swift */,
				23D406FF29DA92D300E92C52 /* CalendarViewModel.swift */,
				23D4070129DA92F600E92C52 /* HouseholdAccountBookViewModel.swift */,
				23D4070329DA931400E92C52 /* DiaryViewModel.swift */,
				23D4070529DA932D00E92C52 /* BudgetViewModel.swift */,
				23D4070729DA936900E92C52 /* BudgetConfigureViewModel.swift */,
				23D4070929DA937C00E92C52 /* ExpenseItemViewModel.swift */,
				23D4070B29DA939100E92C52 /* PictureViewModel.swift */,
				23D4070D29DA93AA00E92C52 /* LookDiaryViewModel.swift */,
				23AA409029ECDF70004E5BBB /* LookJournalModel.swift */,
				23CF14BF29EF818E00773C2C /* ColorModel.swift */,
			);
			path = Model;
			sourceTree = "<group>";
		};
		237B85F32970473B001E4639 /* View */ = {
			isa = PBXGroup;
			children = (
				237AFB68297502510060ECD0 /* customCell */,
				237B85E42970471A001E4639 /* Main.storyboard */,
				23EEE7CE2972CF2700A52939 /* InputViewController.storyboard */,
				23EEE7D02972CF4000A52939 /* CalendarViewController.storyboard */,
				23EEE7D22972CF5A00A52939 /* HouseholdAccountBookViewController.storyboard */,
				23EEE7D42972CF6800A52939 /* DiaryViewController.storyboard */,
				237AFB642974ECAC0060ECD0 /* BudgetViewController.storyboard */,
				237AFB6D297506930060ECD0 /* ExpenseItemViewController.storyboard */,
			);
			path = View;
			sourceTree = "<group>";
		};
		237B85F429704744001E4639 /* Controller */ = {
			isa = PBXGroup;
			children = (
				237B85FE29704A49001E4639 /* TabBarController.swift */,
				237B860029704A59001E4639 /* InputViewController.swift */,
				237B860229704A68001E4639 /* CalendarViewController.swift */,
				237B860429704A7E001E4639 /* HouseholdAccountBookViewController.swift */,
				237B860629704A8D001E4639 /* DiaryViewController.swift */,
				237AFB662974ECBC0060ECD0 /* BudgetViewController.swift */,
				23C1600C29795E0F0026EAF9 /* BudgetConfigureViewController.swift */,
				237AFB6F297506A20060ECD0 /* ExpenseItemViewController.swift */,
				23CBECC129CD4E3000A5E777 /* PictureViewController.swift */,
				23CBECC329CD726F00A5E777 /* LookDiaryViewController.swift */,
				23AA408A29ECDEA8004E5BBB /* LookJournalViewController.swift */,
				23CF14BD29EF817100773C2C /* ColorViewController.swift */,
			);
			path = Controller;
			sourceTree = "<group>";
		};
		23CBECC029CBE87500A5E777 /* Entity */ = {
			isa = PBXGroup;
			children = (
				237B85F52970492B001E4639 /* Journal.swift */,
				237B85F929704956001E4639 /* Diary.swift */,
				23EEE7D82972D7C000A52939 /* Budget.swift */,
				23507F0D298E9AD70025EAE5 /* Category.swift */,
				23507F0F298E9BD00025EAE5 /* BudgetTableViewCellItem.swift */,
				23507F1329911D690025EAE5 /* HouseholdAccountBookTableViewCellItem.swift */,
			);
			path = Entity;
			sourceTree = "<group>";
		};
		D2158A32236C05243A74B6CD /* Frameworks */ = {
			isa = PBXGroup;
			children = (
				C8D4546030A0C2986A8CB944 /* Pods_DHAB.framework */,
			);
			name = Frameworks;
			sourceTree = "<group>";
		};
		FE69DA473FAE4DA6B3C756F1 /* Pods */ = {
			isa = PBXGroup;
			children = (
				94AAD655EF8C982DC0DBC82A /* Pods-DHAB.debug.xcconfig */,
				DF5F7A0342BDC4EB912424AC /* Pods-DHAB.release.xcconfig */,
			);
			path = Pods;
			sourceTree = "<group>";
		};
/* End PBXGroup section */

/* Begin PBXNativeTarget section */
		237B85DA2970471A001E4639 /* DHAB */ = {
			isa = PBXNativeTarget;
			buildConfigurationList = 237B85EF2970471B001E4639 /* Build configuration list for PBXNativeTarget "DHAB" */;
			buildPhases = (
				72339C8B430D61FA6D58C0AA /* [CP] Check Pods Manifest.lock */,
				237B85D72970471A001E4639 /* Sources */,
				237B85D82970471A001E4639 /* Frameworks */,
				237B85D92970471A001E4639 /* Resources */,
				784DE5190519702EC67FB89D /* [CP] Embed Pods Frameworks */,
			);
			buildRules = (
			);
			dependencies = (
			);
			name = DHAB;
			productName = DHAB;
			productReference = 237B85DB2970471A001E4639 /* DHAB.app */;
			productType = "com.apple.product-type.application";
		};
/* End PBXNativeTarget section */

/* Begin PBXProject section */
		237B85D32970471A001E4639 /* Project object */ = {
			isa = PBXProject;
			attributes = {
				BuildIndependentTargetsInParallel = 1;
				KnownAssetTags = (
					New,
				);
				LastSwiftUpdateCheck = 1420;
				LastUpgradeCheck = 1420;
				TargetAttributes = {
					237B85DA2970471A001E4639 = {
						CreatedOnToolsVersion = 14.2;
					};
				};
			};
			buildConfigurationList = 237B85D62970471A001E4639 /* Build configuration list for PBXProject "DHAB" */;
			compatibilityVersion = "Xcode 14.0";
			developmentRegion = en;
			hasScannedForEncodings = 0;
			knownRegions = (
				en,
				Base,
			);
			mainGroup = 237B85D22970471A001E4639;
			productRefGroup = 237B85DC2970471A001E4639 /* Products */;
			projectDirPath = "";
			projectRoot = "";
			targets = (
				237B85DA2970471A001E4639 /* DHAB */,
			);
		};
/* End PBXProject section */

/* Begin PBXResourcesBuildPhase section */
		237B85D92970471A001E4639 /* Resources */ = {
			isa = PBXResourcesBuildPhase;
			buildActionMask = 2147483647;
			files = (
				237B85EB2970471B001E4639 /* LaunchScreen.storyboard in Resources */,
				237B85E82970471B001E4639 /* Assets.xcassets in Resources */,
				237B85E62970471A001E4639 /* Main.storyboard in Resources */,
				239137F62970FF5500BF09F8 /* DiaryTableViewCell.xib in Resources */,
				237AFB6E297506930060ECD0 /* ExpenseItemViewController.storyboard in Resources */,
				23EEE7D12972CF4000A52939 /* CalendarViewController.storyboard in Resources */,
				23ACC142297F9C2600ABA10D /* BudgetConfigureTableViewCell.xib in Resources */,
				23CBECCC29D30AAD00A5E777 /* FSCalendarCustomCell.xib in Resources */,
				237AFB6C2975027B0060ECD0 /* BudgetTableViewCell.xib in Resources */,
				2368D62429DE76D20070A67E /* SelectStartUpModalTableViewCell.xib in Resources */,
				237AFB652974ECAC0060ECD0 /* BudgetViewController.storyboard in Resources */,
				EDCA5F0229B5795900980AC7 /* ResultTableViewCell.xib in Resources */,
				23EEE7D52972CF6800A52939 /* DiaryViewController.storyboard in Resources */,
				23ACC1472988AC5500ABA10D /* SliderViewCell.xib in Resources */,
				233E500829C2C55E00F35DB8 /* InputCollectionViewCell.xib in Resources */,
				23EEE7CF2972CF2700A52939 /* InputViewController.storyboard in Resources */,
				23CF14C429EF88CE00773C2C /* ColorTableViewCell.xib in Resources */,
				23EEE7D32972CF5A00A52939 /* HouseholdAccountBookViewController.storyboard in Resources */,
				23EC22BC2971FEDB004FD6A1 /* HouseholdAccountBookTableViewCell.xib in Resources */,
			);
			runOnlyForDeploymentPostprocessing = 0;
		};
/* End PBXResourcesBuildPhase section */

/* Begin PBXShellScriptBuildPhase section */
		72339C8B430D61FA6D58C0AA /* [CP] Check Pods Manifest.lock */ = {
			isa = PBXShellScriptBuildPhase;
			buildActionMask = 2147483647;
			files = (
			);
			inputFileListPaths = (
			);
			inputPaths = (
				"${PODS_PODFILE_DIR_PATH}/Podfile.lock",
				"${PODS_ROOT}/Manifest.lock",
			);
			name = "[CP] Check Pods Manifest.lock";
			outputFileListPaths = (
			);
			outputPaths = (
				"$(DERIVED_FILE_DIR)/Pods-DHAB-checkManifestLockResult.txt",
			);
			runOnlyForDeploymentPostprocessing = 0;
			shellPath = /bin/sh;
			shellScript = "diff \"${PODS_PODFILE_DIR_PATH}/Podfile.lock\" \"${PODS_ROOT}/Manifest.lock\" > /dev/null\nif [ $? != 0 ] ; then\n    # print error to STDERR\n    echo \"error: The sandbox is not in sync with the Podfile.lock. Run 'pod install' or update your CocoaPods installation.\" >&2\n    exit 1\nfi\n# This output is used by Xcode 'outputs' to avoid re-running this script phase.\necho \"SUCCESS\" > \"${SCRIPT_OUTPUT_FILE_0}\"\n";
			showEnvVarsInLog = 0;
		};
		784DE5190519702EC67FB89D /* [CP] Embed Pods Frameworks */ = {
			isa = PBXShellScriptBuildPhase;
			buildActionMask = 2147483647;
			files = (
			);
			inputFileListPaths = (
				"${PODS_ROOT}/Target Support Files/Pods-DHAB/Pods-DHAB-frameworks-${CONFIGURATION}-input-files.xcfilelist",
			);
			name = "[CP] Embed Pods Frameworks";
			outputFileListPaths = (
				"${PODS_ROOT}/Target Support Files/Pods-DHAB/Pods-DHAB-frameworks-${CONFIGURATION}-output-files.xcfilelist",
			);
			runOnlyForDeploymentPostprocessing = 0;
			shellPath = /bin/sh;
			shellScript = "\"${PODS_ROOT}/Target Support Files/Pods-DHAB/Pods-DHAB-frameworks.sh\"\n";
			showEnvVarsInLog = 0;
		};
/* End PBXShellScriptBuildPhase section */

/* Begin PBXSourcesBuildPhase section */
		237B85D72970471A001E4639 /* Sources */ = {
			isa = PBXSourcesBuildPhase;
			buildActionMask = 2147483647;
			files = (
				23D4070E29DA93AA00E92C52 /* LookDiaryViewModel.swift in Sources */,
				23507F10298E9BD00025EAE5 /* BudgetTableViewCellItem.swift in Sources */,
				23EC22BB2971FEDB004FD6A1 /* HouseholdAccountBookTableViewCell.swift in Sources */,
				23D4070429DA931400E92C52 /* DiaryViewModel.swift in Sources */,
				23EEE7D92972D7C000A52939 /* Budget.swift in Sources */,
				23CBECC429CD726F00A5E777 /* LookDiaryViewController.swift in Sources */,
				23A0B29229AA4522000956CF /* extension + Date.swift in Sources */,
				23D4070829DA936900E92C52 /* BudgetConfigureViewModel.swift in Sources */,
				23D4070C29DA939100E92C52 /* PictureViewModel.swift in Sources */,
				23507F1429911D690025EAE5 /* HouseholdAccountBookTableViewCellItem.swift in Sources */,
				237AFB6B2975027B0060ECD0 /* BudgetTableViewCell.swift in Sources */,
				23CF14C029EF818E00773C2C /* ColorModel.swift in Sources */,
				23AA408B29ECDEA8004E5BBB /* LookJournalViewController.swift in Sources */,
				233E500729C2C55E00F35DB8 /* InputCollectionViewCell.swift in Sources */,
				EDE9354629BE0FAA006109C7 /* Util.swift in Sources */,
				23D406FC29DA927F00E92C52 /* TabBarModel.swift in Sources */,
				23CF14BE29EF817100773C2C /* ColorViewController.swift in Sources */,
				23ACC141297F9C2600ABA10D /* BudgetConfigureTableViewCell.swift in Sources */,
				EDCA5F0129B5795900980AC7 /* ResultTableViewCell.swift in Sources */,
				237B85F62970492B001E4639 /* Journal.swift in Sources */,
				23C1600D29795E0F0026EAF9 /* BudgetConfigureViewController.swift in Sources */,
				239137F52970FF5500BF09F8 /* DiaryTableViewCell.swift in Sources */,
				23507F0E298E9AD70025EAE5 /* Category.swift in Sources */,
				237B85FA29704956001E4639 /* Diary.swift in Sources */,
				23CF14C329EF88CE00773C2C /* ColorTableViewCell.swift in Sources */,
				237B860729704A8D001E4639 /* DiaryViewController.swift in Sources */,
				23ACC1462988AC5500ABA10D /* SliderViewCell.swift in Sources */,
				237B860129704A59001E4639 /* InputViewController.swift in Sources */,
				237B85DF2970471A001E4639 /* AppDelegate.swift in Sources */,
				23D4070629DA932D00E92C52 /* BudgetViewModel.swift in Sources */,
				23AA409129ECDF70004E5BBB /* LookJournalModel.swift in Sources */,
				23D4070229DA92F600E92C52 /* HouseholdAccountBookViewModel.swift in Sources */,
				2368D62329DE76D20070A67E /* SelectStartUpModalTableViewCell.swift in Sources */,
				237B860529704A7E001E4639 /* HouseholdAccountBookViewController.swift in Sources */,
				237B85FF29704A49001E4639 /* TabBarController.swift in Sources */,
				23CBECCB29D30AAD00A5E777 /* FSCalendarCustomCell.swift in Sources */,
				23A0B28C29A84CA1000956CF /* RecognitionChange.swift in Sources */,
				23D4070029DA92D300E92C52 /* CalendarViewModel.swift in Sources */,
				237AFB70297506A20060ECD0 /* ExpenseItemViewController.swift in Sources */,
				237B860329704A68001E4639 /* CalendarViewController.swift in Sources */,
				23CBECC229CD4E3000A5E777 /* PictureViewController.swift in Sources */,
				23D4070A29DA937C00E92C52 /* ExpenseItemViewModel.swift in Sources */,
				237B85E12970471A001E4639 /* SceneDelegate.swift in Sources */,
				23D406FE29DA92AC00E92C52 /* InputViewModel.swift in Sources */,
				237AFB672974ECBC0060ECD0 /* BudgetViewController.swift in Sources */,
			);
			runOnlyForDeploymentPostprocessing = 0;
		};
/* End PBXSourcesBuildPhase section */

/* Begin PBXVariantGroup section */
		237B85E42970471A001E4639 /* Main.storyboard */ = {
			isa = PBXVariantGroup;
			children = (
				237B85E52970471A001E4639 /* Base */,
			);
			name = Main.storyboard;
			sourceTree = "<group>";
		};
		237B85E92970471B001E4639 /* LaunchScreen.storyboard */ = {
			isa = PBXVariantGroup;
			children = (
				237B85EA2970471B001E4639 /* Base */,
			);
			name = LaunchScreen.storyboard;
			sourceTree = "<group>";
		};
/* End PBXVariantGroup section */

/* Begin XCBuildConfiguration section */
		237B85ED2970471B001E4639 /* Debug */ = {
			isa = XCBuildConfiguration;
			buildSettings = {
				ALWAYS_SEARCH_USER_PATHS = NO;
				CLANG_ANALYZER_NONNULL = YES;
				CLANG_ANALYZER_NUMBER_OBJECT_CONVERSION = YES_AGGRESSIVE;
				CLANG_CXX_LANGUAGE_STANDARD = "gnu++20";
				CLANG_ENABLE_MODULES = YES;
				CLANG_ENABLE_OBJC_ARC = YES;
				CLANG_ENABLE_OBJC_WEAK = YES;
				CLANG_WARN_BLOCK_CAPTURE_AUTORELEASING = YES;
				CLANG_WARN_BOOL_CONVERSION = YES;
				CLANG_WARN_COMMA = YES;
				CLANG_WARN_CONSTANT_CONVERSION = YES;
				CLANG_WARN_DEPRECATED_OBJC_IMPLEMENTATIONS = YES;
				CLANG_WARN_DIRECT_OBJC_ISA_USAGE = YES_ERROR;
				CLANG_WARN_DOCUMENTATION_COMMENTS = YES;
				CLANG_WARN_EMPTY_BODY = YES;
				CLANG_WARN_ENUM_CONVERSION = YES;
				CLANG_WARN_INFINITE_RECURSION = YES;
				CLANG_WARN_INT_CONVERSION = YES;
				CLANG_WARN_NON_LITERAL_NULL_CONVERSION = YES;
				CLANG_WARN_OBJC_IMPLICIT_RETAIN_SELF = YES;
				CLANG_WARN_OBJC_LITERAL_CONVERSION = YES;
				CLANG_WARN_OBJC_ROOT_CLASS = YES_ERROR;
				CLANG_WARN_QUOTED_INCLUDE_IN_FRAMEWORK_HEADER = YES;
				CLANG_WARN_RANGE_LOOP_ANALYSIS = YES;
				CLANG_WARN_STRICT_PROTOTYPES = YES;
				CLANG_WARN_SUSPICIOUS_MOVE = YES;
				CLANG_WARN_UNGUARDED_AVAILABILITY = YES_AGGRESSIVE;
				CLANG_WARN_UNREACHABLE_CODE = YES;
				CLANG_WARN__DUPLICATE_METHOD_MATCH = YES;
				COPY_PHASE_STRIP = NO;
				DEBUG_INFORMATION_FORMAT = dwarf;
				ENABLE_STRICT_OBJC_MSGSEND = YES;
				ENABLE_TESTABILITY = YES;
				GCC_C_LANGUAGE_STANDARD = gnu11;
				GCC_DYNAMIC_NO_PIC = NO;
				GCC_NO_COMMON_BLOCKS = YES;
				GCC_OPTIMIZATION_LEVEL = 0;
				GCC_PREPROCESSOR_DEFINITIONS = (
					"DEBUG=1",
					"$(inherited)",
				);
				GCC_WARN_64_TO_32_BIT_CONVERSION = YES;
				GCC_WARN_ABOUT_RETURN_TYPE = YES_ERROR;
				GCC_WARN_UNDECLARED_SELECTOR = YES;
				GCC_WARN_UNINITIALIZED_AUTOS = YES_AGGRESSIVE;
				GCC_WARN_UNUSED_FUNCTION = YES;
				GCC_WARN_UNUSED_VARIABLE = YES;
				IPHONEOS_DEPLOYMENT_TARGET = 13.0;
				MTL_ENABLE_DEBUG_INFO = INCLUDE_SOURCE;
				MTL_FAST_MATH = YES;
				ONLY_ACTIVE_ARCH = YES;
				SDKROOT = iphoneos;
				SWIFT_ACTIVE_COMPILATION_CONDITIONS = DEBUG;
				SWIFT_OPTIMIZATION_LEVEL = "-Onone";
			};
			name = Debug;
		};
		237B85EE2970471B001E4639 /* Release */ = {
			isa = XCBuildConfiguration;
			buildSettings = {
				ALWAYS_SEARCH_USER_PATHS = NO;
				CLANG_ANALYZER_NONNULL = YES;
				CLANG_ANALYZER_NUMBER_OBJECT_CONVERSION = YES_AGGRESSIVE;
				CLANG_CXX_LANGUAGE_STANDARD = "gnu++20";
				CLANG_ENABLE_MODULES = YES;
				CLANG_ENABLE_OBJC_ARC = YES;
				CLANG_ENABLE_OBJC_WEAK = YES;
				CLANG_WARN_BLOCK_CAPTURE_AUTORELEASING = YES;
				CLANG_WARN_BOOL_CONVERSION = YES;
				CLANG_WARN_COMMA = YES;
				CLANG_WARN_CONSTANT_CONVERSION = YES;
				CLANG_WARN_DEPRECATED_OBJC_IMPLEMENTATIONS = YES;
				CLANG_WARN_DIRECT_OBJC_ISA_USAGE = YES_ERROR;
				CLANG_WARN_DOCUMENTATION_COMMENTS = YES;
				CLANG_WARN_EMPTY_BODY = YES;
				CLANG_WARN_ENUM_CONVERSION = YES;
				CLANG_WARN_INFINITE_RECURSION = YES;
				CLANG_WARN_INT_CONVERSION = YES;
				CLANG_WARN_NON_LITERAL_NULL_CONVERSION = YES;
				CLANG_WARN_OBJC_IMPLICIT_RETAIN_SELF = YES;
				CLANG_WARN_OBJC_LITERAL_CONVERSION = YES;
				CLANG_WARN_OBJC_ROOT_CLASS = YES_ERROR;
				CLANG_WARN_QUOTED_INCLUDE_IN_FRAMEWORK_HEADER = YES;
				CLANG_WARN_RANGE_LOOP_ANALYSIS = YES;
				CLANG_WARN_STRICT_PROTOTYPES = YES;
				CLANG_WARN_SUSPICIOUS_MOVE = YES;
				CLANG_WARN_UNGUARDED_AVAILABILITY = YES_AGGRESSIVE;
				CLANG_WARN_UNREACHABLE_CODE = YES;
				CLANG_WARN__DUPLICATE_METHOD_MATCH = YES;
				COPY_PHASE_STRIP = NO;
				DEBUG_INFORMATION_FORMAT = "dwarf-with-dsym";
				ENABLE_NS_ASSERTIONS = NO;
				ENABLE_STRICT_OBJC_MSGSEND = YES;
				GCC_C_LANGUAGE_STANDARD = gnu11;
				GCC_NO_COMMON_BLOCKS = YES;
				GCC_WARN_64_TO_32_BIT_CONVERSION = YES;
				GCC_WARN_ABOUT_RETURN_TYPE = YES_ERROR;
				GCC_WARN_UNDECLARED_SELECTOR = YES;
				GCC_WARN_UNINITIALIZED_AUTOS = YES_AGGRESSIVE;
				GCC_WARN_UNUSED_FUNCTION = YES;
				GCC_WARN_UNUSED_VARIABLE = YES;
				IPHONEOS_DEPLOYMENT_TARGET = 13.0;
				MTL_ENABLE_DEBUG_INFO = NO;
				MTL_FAST_MATH = YES;
				SDKROOT = iphoneos;
				SWIFT_COMPILATION_MODE = wholemodule;
				SWIFT_OPTIMIZATION_LEVEL = "-O";
				VALIDATE_PRODUCT = YES;
			};
			name = Release;
		};
		237B85F02970471B001E4639 /* Debug */ = {
			isa = XCBuildConfiguration;
			baseConfigurationReference = 94AAD655EF8C982DC0DBC82A /* Pods-DHAB.debug.xcconfig */;
			buildSettings = {
				ASSETCATALOG_COMPILER_APPICON_NAME = AppIcon;
				ASSETCATALOG_COMPILER_GLOBAL_ACCENT_COLOR_NAME = AccentColor;
				CODE_SIGN_STYLE = Automatic;
				CURRENT_PROJECT_VERSION = 1;
				DEVELOPMENT_TEAM = UGB2RBGPCV;
				GENERATE_INFOPLIST_FILE = YES;
				INFOPLIST_FILE = DHAB/Info.plist;
				INFOPLIST_KEY_NSPhotoLibraryUsageDescription = "";
				INFOPLIST_KEY_UIApplicationSupportsIndirectInputEvents = YES;
				INFOPLIST_KEY_UILaunchStoryboardName = LaunchScreen;
				INFOPLIST_KEY_UIMainStoryboardFile = Main;
				INFOPLIST_KEY_UISupportedInterfaceOrientations = UIInterfaceOrientationPortrait;
				INFOPLIST_KEY_UIUserInterfaceStyle = Light;
				IPHONEOS_DEPLOYMENT_TARGET = 13.0;
				LD_RUNPATH_SEARCH_PATHS = (
					"$(inherited)",
					"@executable_path/Frameworks",
				);
				MARKETING_VERSION = 1.0;
				PRODUCT_BUNDLE_IDENTIFIER = setoon47.DHAB;
				PRODUCT_NAME = "$(TARGET_NAME)";
				SWIFT_EMIT_LOC_STRINGS = YES;
				SWIFT_VERSION = 5.0;
				TARGETED_DEVICE_FAMILY = "1,2";
			};
			name = Debug;
		};
		237B85F12970471B001E4639 /* Release */ = {
			isa = XCBuildConfiguration;
			baseConfigurationReference = DF5F7A0342BDC4EB912424AC /* Pods-DHAB.release.xcconfig */;
			buildSettings = {
				ASSETCATALOG_COMPILER_APPICON_NAME = AppIcon;
				ASSETCATALOG_COMPILER_GLOBAL_ACCENT_COLOR_NAME = AccentColor;
				CODE_SIGN_STYLE = Automatic;
				CURRENT_PROJECT_VERSION = 1;
				DEVELOPMENT_TEAM = UGB2RBGPCV;
				GENERATE_INFOPLIST_FILE = YES;
				INFOPLIST_FILE = DHAB/Info.plist;
				INFOPLIST_KEY_NSPhotoLibraryUsageDescription = "";
				INFOPLIST_KEY_UIApplicationSupportsIndirectInputEvents = YES;
				INFOPLIST_KEY_UILaunchStoryboardName = LaunchScreen;
				INFOPLIST_KEY_UIMainStoryboardFile = Main;
				INFOPLIST_KEY_UISupportedInterfaceOrientations = UIInterfaceOrientationPortrait;
				INFOPLIST_KEY_UIUserInterfaceStyle = Light;
				IPHONEOS_DEPLOYMENT_TARGET = 13.0;
				LD_RUNPATH_SEARCH_PATHS = (
					"$(inherited)",
					"@executable_path/Frameworks",
				);
				MARKETING_VERSION = 1.0;
				PRODUCT_BUNDLE_IDENTIFIER = setoon47.DHAB;
				PRODUCT_NAME = "$(TARGET_NAME)";
				SWIFT_EMIT_LOC_STRINGS = YES;
				SWIFT_VERSION = 5.0;
				TARGETED_DEVICE_FAMILY = "1,2";
			};
			name = Release;
		};
/* End XCBuildConfiguration section */

/* Begin XCConfigurationList section */
		237B85D62970471A001E4639 /* Build configuration list for PBXProject "DHAB" */ = {
			isa = XCConfigurationList;
			buildConfigurations = (
				237B85ED2970471B001E4639 /* Debug */,
				237B85EE2970471B001E4639 /* Release */,
			);
			defaultConfigurationIsVisible = 0;
			defaultConfigurationName = Release;
		};
		237B85EF2970471B001E4639 /* Build configuration list for PBXNativeTarget "DHAB" */ = {
			isa = XCConfigurationList;
			buildConfigurations = (
				237B85F02970471B001E4639 /* Debug */,
				237B85F12970471B001E4639 /* Release */,
			);
			defaultConfigurationIsVisible = 0;
			defaultConfigurationName = Release;
		};
/* End XCConfigurationList section */
	};
	rootObject = 237B85D32970471A001E4639 /* Project object */;
}
